
Microsoft Visual Studio Solution File, Format Version 10.00
# Visual Studio 2008
Project("{FAE04EC0-301F-11D3-BF4B-00C04F79EFBC}") = "download", "download\download.csproj", "{BE4EE6B1-6072-4354-89DE-FDE4900C00BD}"
EndProject
Project("{FAE04EC0-301F-11D3-BF4B-00C04F79EFBC}") = "sync", "sync\sync.csproj", "{462344B4-EF50-4133-86A5-77DCB46E9B79}"
EndProject
Global
	GlobalSection(SolutionConfigurationPlatforms) = preSolution
		Debug|Any CPU = Debug|Any CPU
		Release|Any CPU = Release|Any CPU
	EndGlobalSection
	GlobalSection(ProjectConfigurationPlatforms) = postSolution
		{BE4EE6B1-6072-4354-89DE-FDE4900C00BD}.Debug|Any CPU.ActiveCfg = Debug|Any CPU
		{BE4EE6B1-6072-4354-89DE-FDE4900C00BD}.Debug|Any CPU.Build.0 = Debug|Any CPU
		{BE4EE6B1-6072-4354-89DE-FDE4900C00BD}.Release|Any CPU.ActiveCfg = Release|Any CPU
		{BE4EE6B1-6072-4354-89DE-FDE4900C00BD}.Release|Any CPU.Build.0 = Release|Any CPU
		{462344B4-EF50-4133-86A5-77DCB46E9B79}.Debug|Any CPU.ActiveCfg = Debug|Any CPU
		{462344B4-EF50-4133-86A5-77DCB46E9B79}.Debug|Any CPU.Build.0 = Debug|Any CPU
		{462344B4-EF50-4133-86A5-77DCB46E9B79}.Release|Any CPU.ActiveCfg = Release|Any CPU
		{462344B4-EF50-4133-86A5-77DCB46E9B79}.Release|Any CPU.Build.0 = Release|Any CPU
	EndGlobalSection
	GlobalSection(SolutionProperties) = preSolution
		HideSolutionNode = FALSE
	EndGlobalSection
EndGlobal
